
Microsoft Visual Studio Solution File, Format Version 12.00
# Visual Studio Version 16
VisualStudioVersion = 16.0.30717.126
MinimumVisualStudioVersion = 10.0.40219.1
Project("{FAE04EC0-301F-11D3-BF4B-00C04F79EFBC}") = "PresentationLayer", "PresentationLayer\PresentationLayer.csproj", "{C11B0445-CC6B-4F30-A67B-573D7D09EFE8}"
EndProject
Project("{FAE04EC0-301F-11D3-BF4B-00C04F79EFBC}") = "BusinessLayer", "BusinessLayer\BusinessLayer.csproj", "{0B3B9A64-BE66-4FA0-A0D3-C21A453F9B2C}"
EndProject
Project("{FAE04EC0-301F-11D3-BF4B-00C04F79EFBC}") = "DataLayer", "DataLayer\DataLayer.csproj", "{8510E18A-FDD4-4FFC-A281-EEC4F898D9D7}"
EndProject
Project("{9A19103F-16F7-4668-BE54-9A1E7A4F7556}") = "WebPresentationLayer", "WebPresentationLayer\WebPresentationLayer.csproj", "{A751CE87-17F6-424C-A17B-FD74A8D64ACA}"
EndProject
Project("{FAE04EC0-301F-11D3-BF4B-00C04F79EFBC}") = "Shared", "Shared\Shared.csproj", "{0672F365-2502-4E29-A0A5-F72F4CA24ED9}"
EndProject
Global
	GlobalSection(SolutionConfigurationPlatforms) = preSolution
		Debug|Any CPU = Debug|Any CPU
		Release|Any CPU = Release|Any CPU
	EndGlobalSection
	GlobalSection(ProjectConfigurationPlatforms) = postSolution
		{C11B0445-CC6B-4F30-A67B-573D7D09EFE8}.Debug|Any CPU.ActiveCfg = Debug|Any CPU
		{C11B0445-CC6B-4F30-A67B-573D7D09EFE8}.Debug|Any CPU.Build.0 = Debug|Any CPU
		{C11B0445-CC6B-4F30-A67B-573D7D09EFE8}.Release|Any CPU.ActiveCfg = Release|Any CPU
		{C11B0445-CC6B-4F30-A67B-573D7D09EFE8}.Release|Any CPU.Build.0 = Release|Any CPU
		{0B3B9A64-BE66-4FA0-A0D3-C21A453F9B2C}.Debug|Any CPU.ActiveCfg = Debug|Any CPU
		{0B3B9A64-BE66-4FA0-A0D3-C21A453F9B2C}.Debug|Any CPU.Build.0 = Debug|Any CPU
		{0B3B9A64-BE66-4FA0-A0D3-C21A453F9B2C}.Release|Any CPU.ActiveCfg = Release|Any CPU
		{0B3B9A64-BE66-4FA0-A0D3-C21A453F9B2C}.Release|Any CPU.Build.0 = Release|Any CPU
		{8510E18A-FDD4-4FFC-A281-EEC4F898D9D7}.Debug|Any CPU.ActiveCfg = Debug|Any CPU
		{8510E18A-FDD4-4FFC-A281-EEC4F898D9D7}.Debug|Any CPU.Build.0 = Debug|Any CPU
		{8510E18A-FDD4-4FFC-A281-EEC4F898D9D7}.Release|Any CPU.ActiveCfg = Release|Any CPU
		{8510E18A-FDD4-4FFC-A281-EEC4F898D9D7}.Release|Any CPU.Build.0 = Release|Any CPU
		{A751CE87-17F6-424C-A17B-FD74A8D64ACA}.Debug|Any CPU.ActiveCfg = Debug|Any CPU
		{A751CE87-17F6-424C-A17B-FD74A8D64ACA}.Debug|Any CPU.Build.0 = Debug|Any CPU
		{A751CE87-17F6-424C-A17B-FD74A8D64ACA}.Release|Any CPU.ActiveCfg = Release|Any CPU
		{A751CE87-17F6-424C-A17B-FD74A8D64ACA}.Release|Any CPU.Build.0 = Release|Any CPU
		{0672F365-2502-4E29-A0A5-F72F4CA24ED9}.Debug|Any CPU.ActiveCfg = Debug|Any CPU
		{0672F365-2502-4E29-A0A5-F72F4CA24ED9}.Debug|Any CPU.Build.0 = Debug|Any CPU
		{0672F365-2502-4E29-A0A5-F72F4CA24ED9}.Release|Any CPU.ActiveCfg = Release|Any CPU
		{0672F365-2502-4E29-A0A5-F72F4CA24ED9}.Release|Any CPU.Build.0 = Release|Any CPU
	EndGlobalSection
	GlobalSection(SolutionProperties) = preSolution
		HideSolutionNode = FALSE
	EndGlobalSection
	GlobalSection(ExtensibilityGlobals) = postSolution
		SolutionGuid = {A3D8E529-9713-4256-9212-9D65A1F1A487}
	EndGlobalSection
EndGlobal
